
Microsoft Visual Studio Solution File, Format Version 12.00
# Visual Studio 15
VisualStudioVersion = 15.0.28307.421
MinimumVisualStudioVersion = 10.0.40219.1
Project("{FAE04EC0-301F-11D3-BF4B-00C04F79EFBC}") = "TS1_C", "TS1_C\TS1_C.csproj", "{B93B60EC-8160-4A8D-952A-0FD04E4CDC45}"
EndProject
Global
	GlobalSection(SolutionConfigurationPlatforms) = preSolution
		Debug|Any CPU = Debug|Any CPU
		Release|Any CPU = Release|Any CPU
	EndGlobalSection
	GlobalSection(ProjectConfigurationPlatforms) = postSolution
		{B93B60EC-8160-4A8D-952A-0FD04E4CDC45}.Debug|Any CPU.ActiveCfg = Debug|Any CPU
		{B93B60EC-8160-4A8D-952A-0FD04E4CDC45}.Debug|Any CPU.Build.0 = Debug|Any CPU
		{B93B60EC-8160-4A8D-952A-0FD04E4CDC45}.Release|Any CPU.ActiveCfg = Release|Any CPU
		{B93B60EC-8160-4A8D-952A-0FD04E4CDC45}.Release|Any CPU.Build.0 = Release|Any CPU
	EndGlobalSection
	GlobalSection(SolutionProperties) = preSolution
		HideSolutionNode = FALSE
	EndGlobalSection
	GlobalSection(ExtensibilityGlobals) = postSolution
		SolutionGuid = {00FC10B0-321B-4D62-836B-BF74E81126C5}
	EndGlobalSection
EndGlobal
